{
  "name": "algebraic-numbers",
  "version": "0.1.0",
  "lockfileVersion": 3,
  "requires": true,
  "packages": {
    "": {
      "name": "algebraic-numbers",
      "version": "0.1.0",
      "dependencies": {
        "algebrite": "^1.4.0",
        "flo-poly": "^7.0.2"
      },
      "devDependencies": {}
    },
    "node_modules/algebrite": {
      "version": "1.4.0",
      "resolved": "https://packages.applied-caas-gateway1.internal.api.openai.org/artifactory/api/npm/npm-public/algebrite/-/algebrite-1.4.0.tgz",
      "integrity": "sha512-YPqD1baZOjuRnvR6xwyGYDJ9OvcqkPLLuxFAxnTGYVnKadzA5PyoMXm8mA1pYCE2xloMSgcZkTL1cXkK5C87cg==",
      "license": "MIT",
      "dependencies": {
        "big-integer": "^1.6.32"
      }
    },
    "node_modules/big-float-ts": {
      "version": "4.0.2",
      "resolved": "https://packages.applied-caas-gateway1.internal.api.openai.org/artifactory/api/npm/npm-public/big-float-ts/-/big-float-ts-4.0.2.tgz",
      "integrity": "sha512-vSj2hYd1Fx3JEkRI/wXMhG9nNRnpKCi1k10HEPSBb6JjUexegq+eS/3aneHIdTE8jrqoP+SxmmXR0DMHLEuEWA==",
      "license": "MIT",
      "engines": {
        "node": "^12.20.0 || ^14.13.1 || >=16.0.0"
      }
    },
    "node_modules/big-integer": {
      "version": "1.6.52",
      "resolved": "https://packages.applied-caas-gateway1.internal.api.openai.org/artifactory/api/npm/npm-public/big-integer/-/big-integer-1.6.52.tgz",
      "integrity": "sha512-QxD8cf2eVqJOOz63z6JIN9BzvVs/dlySa5HGSBH5xtR8dPteIRQnBxxKqkNTiT6jbDTF6jAfrd4oMcND9RGbQg==",
      "license": "Unlicense",
      "engines": {
        "node": ">=0.6"
      }
    },
    "node_modules/double-double": {
      "version": "3.0.4",
      "resolved": "https://packages.applied-caas-gateway1.internal.api.openai.org/artifactory/api/npm/npm-public/double-double/-/double-double-3.0.4.tgz",
      "integrity": "sha512-OdHYUUO69aYnYQOtK200BKFE+SbGWQAOJLct2+JrUBk/GbWqFZGL6f6WOlLnyxXsCe3NAbfOxQBUBPlv7GzsVA==",
      "license": "MIT",
      "engines": {
        "node": "^12.20.0 || ^14.13.1 || >=16.0.0"
      }
    },
    "node_modules/flo-poly": {
      "version": "7.0.2",
      "resolved": "https://packages.applied-caas-gateway1.internal.api.openai.org/artifactory/api/npm/npm-public/flo-poly/-/flo-poly-7.0.2.tgz",
      "integrity": "sha512-33DNuXSUWStVxTdX5KXog8MX1PI1dbG8yXl2Ek//DndDOXsZO/f+0oLa2e+meopxVP9Uvbu5bq2I94u6dQYqhw==",
      "license": "MIT",
      "dependencies": {
        "big-float-ts": "^4.0.2",
        "double-double": "^3.0.4"
      },
      "engines": {
        "node": "^12.20.0 || ^14.13.1 || >=16.0.0"
      }
    }
  }
}
